{
  "name": "phenobs",
  "version": "1.0.0",
  "lockfileVersion": 2,
  "requires": true,
  "packages": {
    "": {
      "name": "phenobs",
      "version": "1.0.0",
      "license": "ISC",
      "dependencies": {
        "csv": "^6.2.1",
        "dotenv": "^16.0.2"
      },
      "devDependencies": {
        "@playwright/test": "^1.25.2"
      }
    },
    "node_modules/@playwright/test": {
      "version": "1.25.2",
      "resolved": "https://registry.npmjs.org/@playwright/test/-/test-1.25.2.tgz",
      "integrity": "sha512-6qPznIR4Fw02OMbqXUPMG6bFFg1hDVNEdihKy0t9K0dmRbus1DyP5Q5XFQhGwEHQkLG5hrSfBuu9CW/foqhQHQ==",
      "dev": true,
      "dependencies": {
        "@types/node": "*",
        "playwright-core": "1.25.2"
      },
      "bin": {
        "playwright": "cli.js"
      },
      "engines": {
        "node": ">=14"
      }
    },
    "node_modules/@types/node": {
      "version": "18.7.18",
      "resolved": "https://registry.npmjs.org/@types/node/-/node-18.7.18.tgz",
      "integrity": "sha512-m+6nTEOadJZuTPkKR/SYK3A2d7FZrgElol9UP1Kae90VVU4a6mxnPuLiIW1m4Cq4gZ/nWb9GrdVXJCoCazDAbg==",
      "dev": true
    },
    "node_modules/csv": {
      "version": "6.2.1",
      "resolved": "https://registry.npmjs.org/csv/-/csv-6.2.1.tgz",
      "integrity": "sha512-qTEPklcIZkJGaB/j6/2qNXZbKgWSXPVMyRnZvRcb1F7MGyvLqJexlZlbJ3NQkgmUoAeScZhsRHjlZEgImBfCYQ==",
      "dependencies": {
        "csv-generate": "^4.2.0",
        "csv-parse": "^5.3.1",
        "csv-stringify": "^6.2.0",
        "stream-transform": "^3.2.0"
      },
      "engines": {
        "node": ">= 0.1.90"
      }
    },
    "node_modules/csv-generate": {
      "version": "4.2.0",
      "resolved": "https://registry.npmjs.org/csv-generate/-/csv-generate-4.2.0.tgz",
      "integrity": "sha512-zlIESlGQaYqIhNYwBN2pj5KXNMYbAXZYMOgNoVSoYV8MQyGZwcNWX+kx5LHxocp+zQDqzSgeKh+e+AZs+nCq4Q=="
    },
    "node_modules/csv-parse": {
      "version": "5.3.1",
      "resolved": "https://registry.npmjs.org/csv-parse/-/csv-parse-5.3.1.tgz",
      "integrity": "sha512-R4Hv6eGJNzgcKdThZ6XORbSQ873HVcNke74QIq+LbwpT90LaZ8Xzl7KKiuIP16xq/P7ofzRt0h7S0xm+fVScsw=="
    },
    "node_modules/csv-stringify": {
      "version": "6.2.0",
      "resolved": "https://registry.npmjs.org/csv-stringify/-/csv-stringify-6.2.0.tgz",
      "integrity": "sha512-dcUbQLRTTDcgQxgEU8V9IctkaCwHZjZfzUZ5ZB3RY8Y+pXtdtl5iVQHfGzANytFFkRKanYzBXrkfpNdGR7eviA=="
    },
    "node_modules/dotenv": {
      "version": "16.0.2",
      "resolved": "https://registry.npmjs.org/dotenv/-/dotenv-16.0.2.tgz",
      "integrity": "sha512-JvpYKUmzQhYoIFgK2MOnF3bciIZoItIIoryihy0rIA+H4Jy0FmgyKYAHCTN98P5ybGSJcIFbh6QKeJdtZd1qhA==",
      "engines": {
        "node": ">=12"
      }
    },
    "node_modules/playwright-core": {
      "version": "1.25.2",
      "resolved": "https://registry.npmjs.org/playwright-core/-/playwright-core-1.25.2.tgz",
      "integrity": "sha512-0yTbUE9lIddkEpLHL3u8PoCL+pWiZtj5A/j3U7YoNjcmKKDGBnCrgHJMzwd2J5vy6l28q4ki3JIuz7McLHhl1A==",
      "dev": true,
      "bin": {
        "playwright": "cli.js"
      },
      "engines": {
        "node": ">=14"
      }
    },
    "node_modules/stream-transform": {
      "version": "3.2.0",
      "resolved": "https://registry.npmjs.org/stream-transform/-/stream-transform-3.2.0.tgz",
      "integrity": "sha512-M22v88wNknyJiIyHYoiIYI5RPl/R7tkf92j1YNkmrbe5XRGHW0jW8n458j1njOrR4Edcj8bwbpSV0iLIWon1hg=="
    }
  },
  "dependencies": {
    "@playwright/test": {
      "version": "1.25.2",
      "resolved": "https://registry.npmjs.org/@playwright/test/-/test-1.25.2.tgz",
      "integrity": "sha512-6qPznIR4Fw02OMbqXUPMG6bFFg1hDVNEdihKy0t9K0dmRbus1DyP5Q5XFQhGwEHQkLG5hrSfBuu9CW/foqhQHQ==",
      "dev": true,
      "requires": {
        "@types/node": "*",
        "playwright-core": "1.25.2"
      }
    },
    "@types/node": {
      "version": "18.7.18",
      "resolved": "https://registry.npmjs.org/@types/node/-/node-18.7.18.tgz",
      "integrity": "sha512-m+6nTEOadJZuTPkKR/SYK3A2d7FZrgElol9UP1Kae90VVU4a6mxnPuLiIW1m4Cq4gZ/nWb9GrdVXJCoCazDAbg==",
      "dev": true
    },
    "csv": {
      "version": "6.2.1",
      "resolved": "https://registry.npmjs.org/csv/-/csv-6.2.1.tgz",
      "integrity": "sha512-qTEPklcIZkJGaB/j6/2qNXZbKgWSXPVMyRnZvRcb1F7MGyvLqJexlZlbJ3NQkgmUoAeScZhsRHjlZEgImBfCYQ==",
      "requires": {
        "csv-generate": "^4.2.0",
        "csv-parse": "^5.3.1",
        "csv-stringify": "^6.2.0",
        "stream-transform": "^3.2.0"
      }
    },
    "csv-generate": {
      "version": "4.2.0",
      "resolved": "https://registry.npmjs.org/csv-generate/-/csv-generate-4.2.0.tgz",
      "integrity": "sha512-zlIESlGQaYqIhNYwBN2pj5KXNMYbAXZYMOgNoVSoYV8MQyGZwcNWX+kx5LHxocp+zQDqzSgeKh+e+AZs+nCq4Q=="
    },
    "csv-parse": {
      "version": "5.3.1",
      "resolved": "https://registry.npmjs.org/csv-parse/-/csv-parse-5.3.1.tgz",
      "integrity": "sha512-R4Hv6eGJNzgcKdThZ6XORbSQ873HVcNke74QIq+LbwpT90LaZ8Xzl7KKiuIP16xq/P7ofzRt0h7S0xm+fVScsw=="
    },
    "csv-stringify": {
      "version": "6.2.0",
      "resolved": "https://registry.npmjs.org/csv-stringify/-/csv-stringify-6.2.0.tgz",
      "integrity": "sha512-dcUbQLRTTDcgQxgEU8V9IctkaCwHZjZfzUZ5ZB3RY8Y+pXtdtl5iVQHfGzANytFFkRKanYzBXrkfpNdGR7eviA=="
    },
    "dotenv": {
      "version": "16.0.2",
      "resolved": "https://registry.npmjs.org/dotenv/-/dotenv-16.0.2.tgz",
      "integrity": "sha512-JvpYKUmzQhYoIFgK2MOnF3bciIZoItIIoryihy0rIA+H4Jy0FmgyKYAHCTN98P5ybGSJcIFbh6QKeJdtZd1qhA=="
    },
    "playwright-core": {
      "version": "1.25.2",
      "resolved": "https://registry.npmjs.org/playwright-core/-/playwright-core-1.25.2.tgz",
      "integrity": "sha512-0yTbUE9lIddkEpLHL3u8PoCL+pWiZtj5A/j3U7YoNjcmKKDGBnCrgHJMzwd2J5vy6l28q4ki3JIuz7McLHhl1A==",
      "dev": true
    },
    "stream-transform": {
      "version": "3.2.0",
      "resolved": "https://registry.npmjs.org/stream-transform/-/stream-transform-3.2.0.tgz",
      "integrity": "sha512-M22v88wNknyJiIyHYoiIYI5RPl/R7tkf92j1YNkmrbe5XRGHW0jW8n458j1njOrR4Edcj8bwbpSV0iLIWon1hg=="
    }
  }
}
